// !$*UTF8*$!
{
	archiveVersion = 1;
	classes = {
	};
	objectVersion = 46;
	objects = {

/* Begin PBXBuildFile section */
		470BFF291B259F9600A7B30A /* AppDelegate.swift in Sources */ = {isa = PBXBuildFile; fileRef = 470BFF281B259F9600A7B30A /* AppDelegate.swift */; };
		470BFF2D1B259F9600A7B30A /* DetailViewController.swift in Sources */ = {isa = PBXBuildFile; fileRef = 470BFF2C1B259F9600A7B30A /* DetailViewController.swift */; };
		470BFF321B259F9600A7B30A /* Images.xcassets in Resources */ = {isa = PBXBuildFile; fileRef = 470BFF311B259F9600A7B30A /* Images.xcassets */; };
		470BFF351B259F9600A7B30A /* LaunchScreen.xib in Resources */ = {isa = PBXBuildFile; fileRef = 470BFF331B259F9600A7B30A /* LaunchScreen.xib */; };
		470BFF411B259F9600A7B30A /* howbuyTests.swift in Sources */ = {isa = PBXBuildFile; fileRef = 470BFF401B259F9600A7B30A /* howbuyTests.swift */; };
		470BFF4A1B259FC000A7B30A /* MasterViewController.swift in Sources */ = {isa = PBXBuildFile; fileRef = 470BFF2A1B259F9600A7B30A /* MasterViewController.swift */; };
		470BFF4E1B25DC2000A7B30A /* SearchFundController.swift in Sources */ = {isa = PBXBuildFile; fileRef = 470BFF4D1B25DC2000A7B30A /* SearchFundController.swift */; };
		470BFF531B25E45500A7B30A /* HTMLNode.swift in Sources */ = {isa = PBXBuildFile; fileRef = 470BFF501B25E45500A7B30A /* HTMLNode.swift */; };
		470BFF541B25E45500A7B30A /* HTMLParser.swift in Sources */ = {isa = PBXBuildFile; fileRef = 470BFF511B25E45500A7B30A /* HTMLParser.swift */; };
		470BFF561B25E48100A7B30A /* libxml2.dylib in Frameworks */ = {isa = PBXBuildFile; fileRef = 470BFF551B25E48100A7B30A /* libxml2.dylib */; };
		473CC4131B27DCD600497751 /* Main.storyboard in Resources */ = {isa = PBXBuildFile; fileRef = 470BFF2E1B259F9600A7B30A /* Main.storyboard */; };
/* End PBXBuildFile section */

/* Begin PBXContainerItemProxy section */
		470BFF3B1B259F9600A7B30A /* PBXContainerItemProxy */ = {
			isa = PBXContainerItemProxy;
			containerPortal = 470BFF1B1B259F9600A7B30A /* Project object */;
			proxyType = 1;
			remoteGlobalIDString = 470BFF221B259F9600A7B30A;
			remoteInfo = howbuy;
		};
/* End PBXContainerItemProxy section */

/* Begin PBXFileReference section */
		470BFF231B259F9600A7B30A /* howbuy.app */ = {isa = PBXFileReference; explicitFileType = wrapper.application; includeInIndex = 0; path = howbuy.app; sourceTree = BUILT_PRODUCTS_DIR; };
		470BFF271B259F9600A7B30A /* Info.plist */ = {isa = PBXFileReference; lastKnownFileType = text.plist.xml; path = Info.plist; sourceTree = "<group>"; };
		470BFF281B259F9600A7B30A /* AppDelegate.swift */ = {isa = PBXFileReference; lastKnownFileType = sourcecode.swift; path = AppDelegate.swift; sourceTree = "<group>"; };
		470BFF2A1B259F9600A7B30A /* MasterViewController.swift */ = {isa = PBXFileReference; lastKnownFileType = sourcecode.swift; path = MasterViewController.swift; sourceTree = "<group>"; };
		470BFF2C1B259F9600A7B30A /* DetailViewController.swift */ = {isa = PBXFileReference; lastKnownFileType = sourcecode.swift; path = DetailViewController.swift; sourceTree = "<group>"; };
		470BFF2F1B259F9600A7B30A /* Base */ = {isa = PBXFileReference; lastKnownFileType = file.storyboard; name = Base; path = Base.lproj/Main.storyboard; sourceTree = "<group>"; };
		470BFF311B259F9600A7B30A /* Images.xcassets */ = {isa = PBXFileReference; lastKnownFileType = folder.assetcatalog; path = Images.xcassets; sourceTree = "<group>"; };
		470BFF341B259F9600A7B30A /* Base */ = {isa = PBXFileReference; lastKnownFileType = file.xib; name = Base; path = Base.lproj/LaunchScreen.xib; sourceTree = "<group>"; };
		470BFF3A1B259F9600A7B30A /* howbuyTests.xctest */ = {isa = PBXFileReference; explicitFileType = wrapper.cfbundle; includeInIndex = 0; path = howbuyTests.xctest; sourceTree = BUILT_PRODUCTS_DIR; };
		470BFF3F1B259F9600A7B30A /* Info.plist */ = {isa = PBXFileReference; lastKnownFileType = text.plist.xml; path = Info.plist; sourceTree = "<group>"; };
		470BFF401B259F9600A7B30A /* howbuyTests.swift */ = {isa = PBXFileReference; lastKnownFileType = sourcecode.swift; path = howbuyTests.swift; sourceTree = "<group>"; };
		470BFF4D1B25DC2000A7B30A /* SearchFundController.swift */ = {isa = PBXFileReference; fileEncoding = 4; lastKnownFileType = sourcecode.swift; path = SearchFundController.swift; sourceTree = "<group>"; };
		470BFF501B25E45500A7B30A /* HTMLNode.swift */ = {isa = PBXFileReference; fileEncoding = 4; lastKnownFileType = sourcecode.swift; path = HTMLNode.swift; sourceTree = "<group>"; };
		470BFF511B25E45500A7B30A /* HTMLParser.swift */ = {isa = PBXFileReference; fileEncoding = 4; lastKnownFileType = sourcecode.swift; path = HTMLParser.swift; sourceTree = "<group>"; };
		470BFF521B25E45500A7B30A /* Swift-HTML-Parser-Bridging-Header.h */ = {isa = PBXFileReference; fileEncoding = 4; lastKnownFileType = sourcecode.c.h; path = "Swift-HTML-Parser-Bridging-Header.h"; sourceTree = "<group>"; };
		470BFF551B25E48100A7B30A /* libxml2.dylib */ = {isa = PBXFileReference; lastKnownFileType = "compiled.mach-o.dylib"; name = libxml2.dylib; path = usr/lib/libxml2.dylib; sourceTree = SDKROOT; };
/* End PBXFileReference section */

/* Begin PBXFrameworksBuildPhase section */
		470BFF201B259F9600A7B30A /* Frameworks */ = {
			isa = PBXFrameworksBuildPhase;
			buildActionMask = 2147483647;
			files = (
				470BFF561B25E48100A7B30A /* libxml2.dylib in Frameworks */,
			);
			runOnlyForDeploymentPostprocessing = 0;
		};
		470BFF371B259F9600A7B30A /* Frameworks */ = {
			isa = PBXFrameworksBuildPhase;
			buildActionMask = 2147483647;
			files = (
			);
			runOnlyForDeploymentPostprocessing = 0;
		};
/* End PBXFrameworksBuildPhase section */

/* Begin PBXGroup section */
		470BFF1A1B259F9600A7B30A = {
			isa = PBXGroup;
			children = (
				470BFF251B259F9600A7B30A /* howbuy */,
				470BFF3D1B259F9600A7B30A /* howbuyTests */,
				470BFF241B259F9600A7B30A /* Products */,
			);
			sourceTree = "<group>";
		};
		470BFF241B259F9600A7B30A /* Products */ = {
			isa = PBXGroup;
			children = (
				470BFF231B259F9600A7B30A /* howbuy.app */,
				470BFF3A1B259F9600A7B30A /* howbuyTests.xctest */,
			);
			name = Products;
			sourceTree = "<group>";
		};
		470BFF251B259F9600A7B30A /* howbuy */ = {
			isa = PBXGroup;
			children = (
				470BFF4F1B25E43B00A7B30A /* HtmlParser */,
				470BFF281B259F9600A7B30A /* AppDelegate.swift */,
				470BFF2A1B259F9600A7B30A /* MasterViewController.swift */,
				470BFF2C1B259F9600A7B30A /* DetailViewController.swift */,
				470BFF4D1B25DC2000A7B30A /* SearchFundController.swift */,
				470BFF2E1B259F9600A7B30A /* Main.storyboard */,
				470BFF311B259F9600A7B30A /* Images.xcassets */,
				470BFF331B259F9600A7B30A /* LaunchScreen.xib */,
				470BFF261B259F9600A7B30A /* Supporting Files */,
			);
			path = howbuy;
			sourceTree = "<group>";
		};
		470BFF261B259F9600A7B30A /* Supporting Files */ = {
			isa = PBXGroup;
			children = (
				470BFF271B259F9600A7B30A /* Info.plist */,
			);
			name = "Supporting Files";
			sourceTree = "<group>";
		};
		470BFF3D1B259F9600A7B30A /* howbuyTests */ = {
			isa = PBXGroup;
			children = (
				470BFF401B259F9600A7B30A /* howbuyTests.swift */,
				470BFF3E1B259F9600A7B30A /* Supporting Files */,
			);
			path = howbuyTests;
			sourceTree = "<group>";
		};
		470BFF3E1B259F9600A7B30A /* Supporting Files */ = {
			isa = PBXGroup;
			children = (
				470BFF551B25E48100A7B30A /* libxml2.dylib */,
				470BFF3F1B259F9600A7B30A /* Info.plist */,
			);
			name = "Supporting Files";
			sourceTree = "<group>";
		};
		470BFF4F1B25E43B00A7B30A /* HtmlParser */ = {
			isa = PBXGroup;
			children = (
				470BFF501B25E45500A7B30A /* HTMLNode.swift */,
				470BFF511B25E45500A7B30A /* HTMLParser.swift */,
				470BFF521B25E45500A7B30A /* Swift-HTML-Parser-Bridging-Header.h */,
			);
			name = HtmlParser;
			sourceTree = "<group>";
		};
/* End PBXGroup section */

/* Begin PBXNativeTarget section */
		470BFF221B259F9600A7B30A /* howbuy */ = {
			isa = PBXNativeTarget;
			buildConfigurationList = 470BFF441B259F9600A7B30A /* Build configuration list for PBXNativeTarget "howbuy" */;
			buildPhases = (
				470BFF1F1B259F9600A7B30A /* Sources */,
				470BFF201B259F9600A7B30A /* Frameworks */,
				470BFF211B259F9600A7B30A /* Resources */,
			);
			buildRules = (
			);
			dependencies = (
			);
			name = howbuy;
			productName = howbuy;
			productReference = 470BFF231B259F9600A7B30A /* howbuy.app */;
			productType = "com.apple.product-type.application";
		};
		470BFF391B259F9600A7B30A /* howbuyTests */ = {
			isa = PBXNativeTarget;
			buildConfigurationList = 470BFF471B259F9600A7B30A /* Build configuration list for PBXNativeTarget "howbuyTests" */;
			buildPhases = (
				470BFF361B259F9600A7B30A /* Sources */,
				470BFF371B259F9600A7B30A /* Frameworks */,
				470BFF381B259F9600A7B30A /* Resources */,
			);
			buildRules = (
			);
			dependencies = (
				470BFF3C1B259F9600A7B30A /* PBXTargetDependency */,
			);
			name = howbuyTests;
			productName = howbuyTests;
			productReference = 470BFF3A1B259F9600A7B30A /* howbuyTests.xctest */;
			productType = "com.apple.product-type.bundle.unit-test";
		};
/* End PBXNativeTarget section */

/* Begin PBXProject section */
		470BFF1B1B259F9600A7B30A /* Project object */ = {
			isa = PBXProject;
			attributes = {
				LastUpgradeCheck = 0630;
				ORGANIZATIONNAME = "Karsa wang";
				TargetAttributes = {
					470BFF221B259F9600A7B30A = {
						CreatedOnToolsVersion = 6.3.2;
						DevelopmentTeam = C49D8K4Z75;
					};
					470BFF391B259F9600A7B30A = {
						CreatedOnToolsVersion = 6.3.2;
						TestTargetID = 470BFF221B259F9600A7B30A;
					};
				};
			};
			buildConfigurationList = 470BFF1E1B259F9600A7B30A /* Build configuration list for PBXProject "howbuy" */;
			compatibilityVersion = "Xcode 3.2";
			developmentRegion = English;
			hasScannedForEncodings = 0;
			knownRegions = (
				en,
				Base,
			);
			mainGroup = 470BFF1A1B259F9600A7B30A;
			productRefGroup = 470BFF241B259F9600A7B30A /* Products */;
			projectDirPath = "";
			projectRoot = "";
			targets = (
				470BFF221B259F9600A7B30A /* howbuy */,
				470BFF391B259F9600A7B30A /* howbuyTests */,
			);
		};
/* End PBXProject section */

/* Begin PBXResourcesBuildPhase section */
		470BFF211B259F9600A7B30A /* Resources */ = {
			isa = PBXResourcesBuildPhase;
			buildActionMask = 2147483647;
			files = (
				473CC4131B27DCD600497751 /* Main.storyboard in Resources */,
				470BFF351B259F9600A7B30A /* LaunchScreen.xib in Resources */,
				470BFF321B259F9600A7B30A /* Images.xcassets in Resources */,
			);
			runOnlyForDeploymentPostprocessing = 0;
		};
		470BFF381B259F9600A7B30A /* Resources */ = {
			isa = PBXResourcesBuildPhase;
			buildActionMask = 2147483647;
			files = (
			);
			runOnlyForDeploymentPostprocessing = 0;
		};
/* End PBXResourcesBuildPhase section */

/* Begin PBXSourcesBuildPhase section */
		470BFF1F1B259F9600A7B30A /* Sources */ = {
			isa = PBXSourcesBuildPhase;
			buildActionMask = 2147483647;
			files = (
				470BFF4E1B25DC2000A7B30A /* SearchFundController.swift in Sources */,
				470BFF2D1B259F9600A7B30A /* DetailViewController.swift in Sources */,
				470BFF291B259F9600A7B30A /* AppDelegate.swift in Sources */,
				470BFF541B25E45500A7B30A /* HTMLParser.swift in Sources */,
				470BFF531B25E45500A7B30A /* HTMLNode.swift in Sources */,
				470BFF4A1B259FC000A7B30A /* MasterViewController.swift in Sources */,
			);
			runOnlyForDeploymentPostprocessing = 0;
		};
		470BFF361B259F9600A7B30A /* Sources */ = {
			isa = PBXSourcesBuildPhase;
			buildActionMask = 2147483647;
			files = (
				470BFF411B259F9600A7B30A /* howbuyTests.swift in Sources */,
			);
			runOnlyForDeploymentPostprocessing = 0;
		};
/* End PBXSourcesBuildPhase section */

/* Begin PBXTargetDependency section */
		470BFF3C1B259F9600A7B30A /* PBXTargetDependency */ = {
			isa = PBXTargetDependency;
			target = 470BFF221B259F9600A7B30A /* howbuy */;
			targetProxy = 470BFF3B1B259F9600A7B30A /* PBXContainerItemProxy */;
		};
/* End PBXTargetDependency section */

/* Begin PBXVariantGroup section */
		470BFF2E1B259F9600A7B30A /* Main.storyboard */ = {
			isa = PBXVariantGroup;
			children = (
				470BFF2F1B259F9600A7B30A /* Base */,
			);
			name = Main.storyboard;
			sourceTree = "<group>";
		};
		470BFF331B259F9600A7B30A /* LaunchScreen.xib */ = {
			isa = PBXVariantGroup;
			children = (
				470BFF341B259F9600A7B30A /* Base */,
			);
			name = LaunchScreen.xib;
			sourceTree = "<group>";
		};
/* End PBXVariantGroup section */

/* Begin XCBuildConfiguration section */
		470BFF421B259F9600A7B30A /* Debug */ = {
			isa = XCBuildConfiguration;
			buildSettings = {
				ALWAYS_SEARCH_USER_PATHS = NO;
				CLANG_CXX_LANGUAGE_STANDARD = "gnu++0x";
				CLANG_CXX_LIBRARY = "libc++";
				CLANG_ENABLE_MODULES = YES;
				CLANG_ENABLE_OBJC_ARC = YES;
				CLANG_WARN_BOOL_CONVERSION = YES;
				CLANG_WARN_CONSTANT_CONVERSION = YES;
				CLANG_WARN_DIRECT_OBJC_ISA_USAGE = YES_ERROR;
				CLANG_WARN_EMPTY_BODY = YES;
				CLANG_WARN_ENUM_CONVERSION = YES;
				CLANG_WARN_INT_CONVERSION = YES;
				CLANG_WARN_OBJC_ROOT_CLASS = YES_ERROR;
				CLANG_WARN_UNREACHABLE_CODE = YES;
				CLANG_WARN__DUPLICATE_METHOD_MATCH = YES;
				"CODE_SIGN_IDENTITY[sdk=iphoneos*]" = "iPhone Developer";
				COPY_PHASE_STRIP = NO;
				DEBUG_INFORMATION_FORMAT = "dwarf-with-dsym";
				ENABLE_STRICT_OBJC_MSGSEND = YES;
				GCC_C_LANGUAGE_STANDARD = gnu99;
				GCC_DYNAMIC_NO_PIC = NO;
				GCC_NO_COMMON_BLOCKS = YES;
				GCC_OPTIMIZATION_LEVEL = 0;
				GCC_PREPROCESSOR_DEFINITIONS = (
					"DEBUG=1",
					"$(inherited)",
				);
				GCC_SYMBOLS_PRIVATE_EXTERN = NO;
				GCC_WARN_64_TO_32_BIT_CONVERSION = YES;
				GCC_WARN_ABOUT_RETURN_TYPE = YES_ERROR;
				GCC_WARN_UNDECLARED_SELECTOR = YES;
				GCC_WARN_UNINITIALIZED_AUTOS = YES_AGGRESSIVE;
				GCC_WARN_UNUSED_FUNCTION = YES;
				GCC_WARN_UNUSED_VARIABLE = YES;
				IPHONEOS_DEPLOYMENT_TARGET = 8.3;
				MTL_ENABLE_DEBUG_INFO = YES;
				ONLY_ACTIVE_ARCH = YES;
				SDKROOT = iphoneos;
				SWIFT_OPTIMIZATION_LEVEL = "-Onone";
				TARGETED_DEVICE_FAMILY = "1,2";
			};
			name = Debug;
		};
		470BFF431B259F9600A7B30A /* Release */ = {
			isa = XCBuildConfiguration;
			buildSettings = {
				ALWAYS_SEARCH_USER_PATHS = NO;
				CLANG_CXX_LANGUAGE_STANDARD = "gnu++0x";
				CLANG_CXX_LIBRARY = "libc++";
				CLANG_ENABLE_MODULES = YES;
				CLANG_ENABLE_OBJC_ARC = YES;
				CLANG_WARN_BOOL_CONVERSION = YES;
				CLANG_WARN_CONSTANT_CONVERSION = YES;
				CLANG_WARN_DIRECT_OBJC_ISA_USAGE = YES_ERROR;
				CLANG_WARN_EMPTY_BODY = YES;
				CLANG_WARN_ENUM_CONVERSION = YES;
				CLANG_WARN_INT_CONVERSION = YES;
				CLANG_WARN_OBJC_ROOT_CLASS = YES_ERROR;
				CLANG_WARN_UNREACHABLE_CODE = YES;
				CLANG_WARN__DUPLICATE_METHOD_MATCH = YES;
				"CODE_SIGN_IDENTITY[sdk=iphoneos*]" = "iPhone Developer";
				COPY_PHASE_STRIP = NO;
				DEBUG_INFORMATION_FORMAT = "dwarf-with-dsym";
				ENABLE_NS_ASSERTIONS = NO;
				ENABLE_STRICT_OBJC_MSGSEND = YES;
				GCC_C_LANGUAGE_STANDARD = gnu99;
				GCC_NO_COMMON_BLOCKS = YES;
				GCC_WARN_64_TO_32_BIT_CONVERSION = YES;
				GCC_WARN_ABOUT_RETURN_TYPE = YES_ERROR;
				GCC_WARN_UNDECLARED_SELECTOR = YES;
				GCC_WARN_UNINITIALIZED_AUTOS = YES_AGGRESSIVE;
				GCC_WARN_UNUSED_FUNCTION = YES;
				GCC_WARN_UNUSED_VARIABLE = YES;
				IPHONEOS_DEPLOYMENT_TARGET = 8.3;
				MTL_ENABLE_DEBUG_INFO = NO;
				SDKROOT = iphoneos;
				TARGETED_DEVICE_FAMILY = "1,2";
				VALIDATE_PRODUCT = YES;
			};
			name = Release;
		};
		470BFF451B259F9600A7B30A /* Debug */ = {
			isa = XCBuildConfiguration;
			buildSettings = {
				ASSETCATALOG_COMPILER_APPICON_NAME = AppIcon;
				CODE_SIGN_IDENTITY = "iPhone Developer: HongTao Wang (SGUJJ7CKDA)";
				HEADER_SEARCH_PATHS = (
					"$(inherited)",
					/Applications/Xcode.app/Contents/Developer/Toolchains/XcodeDefault.xctoolchain/usr/include,
					/usr/include/libxml2,
				);
				INFOPLIST_FILE = howbuy/Info.plist;
				LD_RUNPATH_SEARCH_PATHS = "$(inherited) @executable_path/Frameworks";
				PRODUCT_NAME = "$(TARGET_NAME)";
				SWIFT_OBJC_BRIDGING_HEADER = "./howbuy/Swift-HTML-Parser-Bridging-Header.h";
			};
			name = Debug;
		};
		470BFF461B259F9600A7B30A /* Release */ = {
			isa = XCBuildConfiguration;
			buildSettings = {
				ASSETCATALOG_COMPILER_APPICON_NAME = AppIcon;
				CODE_SIGN_IDENTITY = "iPhone Developer";
				HEADER_SEARCH_PATHS = (
					"$(inherited)",
					/Applications/Xcode.app/Contents/Developer/Toolchains/XcodeDefault.xctoolchain/usr/include,
					/usr/include/libxml2,
				);
				INFOPLIST_FILE = howbuy/Info.plist;
				LD_RUNPATH_SEARCH_PATHS = "$(inherited) @executable_path/Frameworks";
				PRODUCT_NAME = "$(TARGET_NAME)";
				SWIFT_OBJC_BRIDGING_HEADER = "./howbuy/Swift-HTML-Parser-Bridging-Header.h";
			};
			name = Release;
		};
		470BFF481B259F9600A7B30A /* Debug */ = {
			isa = XCBuildConfiguration;
			buildSettings = {
				BUNDLE_LOADER = "$(TEST_HOST)";
				FRAMEWORK_SEARCH_PATHS = (
					"$(SDKROOT)/Developer/Library/Frameworks",
					"$(inherited)",
				);
				GCC_PREPROCESSOR_DEFINITIONS = (
					"DEBUG=1",
					"$(inherited)",
				);
				INFOPLIST_FILE = howbuyTests/Info.plist;
				LD_RUNPATH_SEARCH_PATHS = "$(inherited) @executable_path/Frameworks @loader_path/Frameworks";
				PRODUCT_NAME = "$(TARGET_NAME)";
				TEST_HOST = "$(BUILT_PRODUCTS_DIR)/howbuy.app/howbuy";
			};
			name = Debug;
		};
		470BFF491B259F9600A7B30A /* Release */ = {
			isa = XCBuildConfiguration;
			buildSettings = {
				BUNDLE_LOADER = "$(TEST_HOST)";
				FRAMEWORK_SEARCH_PATHS = (
					"$(SDKROOT)/Developer/Library/Frameworks",
					"$(inherited)",
				);
				INFOPLIST_FILE = howbuyTests/Info.plist;
				LD_RUNPATH_SEARCH_PATHS = "$(inherited) @executable_path/Frameworks @loader_path/Frameworks";
				PRODUCT_NAME = "$(TARGET_NAME)";
				TEST_HOST = "$(BUILT_PRODUCTS_DIR)/howbuy.app/howbuy";
			};
			name = Release;
		};
/* End XCBuildConfiguration section */

/* Begin XCConfigurationList section */
		470BFF1E1B259F9600A7B30A /* Build configuration list for PBXProject "howbuy" */ = {
			isa = XCConfigurationList;
			buildConfigurations = (
				470BFF421B259F9600A7B30A /* Debug */,
				470BFF431B259F9600A7B30A /* Release */,
			);
			defaultConfigurationIsVisible = 0;
			defaultConfigurationName = Release;
		};
		470BFF441B259F9600A7B30A /* Build configuration list for PBXNativeTarget "howbuy" */ = {
			isa = XCConfigurationList;
			buildConfigurations = (
				470BFF451B259F9600A7B30A /* Debug */,
				470BFF461B259F9600A7B30A /* Release */,
			);
			defaultConfigurationIsVisible = 0;
			defaultConfigurationName = Release;
		};
		470BFF471B259F9600A7B30A /* Build configuration list for PBXNativeTarget "howbuyTests" */ = {
			isa = XCConfigurationList;
			buildConfigurations = (
				470BFF481B259F9600A7B30A /* Debug */,
				470BFF491B259F9600A7B30A /* Release */,
			);
			defaultConfigurationIsVisible = 0;
			defaultConfigurationName = Release;
		};
/* End XCConfigurationList section */
	};
	rootObject = 470BFF1B1B259F9600A7B30A /* Project object */;
}
